
Microsoft Visual Studio Solution File, Format Version 12.00
# Visual Studio Version 16
VisualStudioVersion = 16.0.30907.101
MinimumVisualStudioVersion = 10.0.40219.1
Project("{FAE04EC0-301F-11D3-BF4B-00C04F79EFBC}") = "DInvoke", "DInvoke\DInvoke.csproj", "{F3491058-AD29-4E4A-A14C-9942027B1C39}"
EndProject
Global
	GlobalSection(SolutionConfigurationPlatforms) = preSolution
		Debug|Any CPU = Debug|Any CPU
		Release|Any CPU = Release|Any CPU
	EndGlobalSection
	GlobalSection(ProjectConfigurationPlatforms) = postSolution
		{F3491058-AD29-4E4A-A14C-9942027B1C39}.Debug|Any CPU.ActiveCfg = Debug|Any CPU
		{F3491058-AD29-4E4A-A14C-9942027B1C39}.Debug|Any CPU.Build.0 = Debug|Any CPU
		{F3491058-AD29-4E4A-A14C-9942027B1C39}.Release|Any CPU.ActiveCfg = Release|Any CPU
		{F3491058-AD29-4E4A-A14C-9942027B1C39}.Release|Any CPU.Build.0 = Release|Any CPU
	EndGlobalSection
	GlobalSection(SolutionProperties) = preSolution
		HideSolutionNode = FALSE
	EndGlobalSection
	GlobalSection(ExtensibilityGlobals) = postSolution
		SolutionGuid = {5D3FE1FD-EDF1-4D42-A168-8F8FF59ED17E}
	EndGlobalSection
EndGlobal
